
Microsoft Visual Studio Solution File, Format Version 12.00
# Visual Studio Version 16
VisualStudioVersion = 16.0.31605.320
MinimumVisualStudioVersion = 10.0.40219.1
Project("{FAE04EC0-301F-11D3-BF4B-00C04F79EFBC}") = "CsObserver", "CsObserver\CsObserver.csproj", "{9A2B1DAC-CDF8-44AD-B02F-066F6D20F50C}"
EndProject
Project("{2150E333-8FDC-42A3-9474-1A3956D46DE8}") = "Solution Items", "Solution Items", "{E34B745B-DE80-4034-B0FF-69E8A951DB34}"
	ProjectSection(SolutionItems) = preProject
		README.md = README.md
	EndProjectSection
EndProject
Project("{FAE04EC0-301F-11D3-BF4B-00C04F79EFBC}") = "CsObserverTests", "CsObserverTests\CsObserverTests.csproj", "{D1EF7714-5354-41CE-9B23-DD5C6AED1A2A}"
EndProject
Global
	GlobalSection(SolutionConfigurationPlatforms) = preSolution
		Debug|Any CPU = Debug|Any CPU
		Release|Any CPU = Release|Any CPU
	EndGlobalSection
	GlobalSection(ProjectConfigurationPlatforms) = postSolution
		{9A2B1DAC-CDF8-44AD-B02F-066F6D20F50C}.Debug|Any CPU.ActiveCfg = Debug|Any CPU
		{9A2B1DAC-CDF8-44AD-B02F-066F6D20F50C}.Debug|Any CPU.Build.0 = Debug|Any CPU
		{9A2B1DAC-CDF8-44AD-B02F-066F6D20F50C}.Release|Any CPU.ActiveCfg = Release|Any CPU
		{9A2B1DAC-CDF8-44AD-B02F-066F6D20F50C}.Release|Any CPU.Build.0 = Release|Any CPU
		{D1EF7714-5354-41CE-9B23-DD5C6AED1A2A}.Debug|Any CPU.ActiveCfg = Debug|Any CPU
		{D1EF7714-5354-41CE-9B23-DD5C6AED1A2A}.Debug|Any CPU.Build.0 = Debug|Any CPU
		{D1EF7714-5354-41CE-9B23-DD5C6AED1A2A}.Release|Any CPU.ActiveCfg = Release|Any CPU
		{D1EF7714-5354-41CE-9B23-DD5C6AED1A2A}.Release|Any CPU.Build.0 = Release|Any CPU
	EndGlobalSection
	GlobalSection(SolutionProperties) = preSolution
		HideSolutionNode = FALSE
	EndGlobalSection
	GlobalSection(ExtensibilityGlobals) = postSolution
		SolutionGuid = {8A7DA447-6930-40FE-96DE-DDDA94221C30}
	EndGlobalSection
EndGlobal
